
Microsoft Visual Studio Solution File, Format Version 12.00
# Visual Studio Version 17
VisualStudioVersion = 17.0.31903.59
MinimumVisualStudioVersion = 10.0.40219.1
Project("{FAE04EC0-301F-11D3-BF4B-00C04F79EFBC}") = "unitTestingDemo.core", "unitTestingDemo.core\unitTestingDemo.core.csproj", "{9553ACB5-AD4D-432C-996A-CDF6AA13990B}"
EndProject
Project("{FAE04EC0-301F-11D3-BF4B-00C04F79EFBC}") = "unitTestingDemo.Tests", "unitTestingDemo.Tests\unitTestingDemo.Tests.csproj", "{E98F023B-94F3-4F44-BEE8-F0E5594F1359}"
EndProject
Global
	GlobalSection(SolutionConfigurationPlatforms) = preSolution
		Debug|Any CPU = Debug|Any CPU
		Debug|x64 = Debug|x64
		Debug|x86 = Debug|x86
		Release|Any CPU = Release|Any CPU
		Release|x64 = Release|x64
		Release|x86 = Release|x86
	EndGlobalSection
	GlobalSection(ProjectConfigurationPlatforms) = postSolution
		{9553ACB5-AD4D-432C-996A-CDF6AA13990B}.Debug|Any CPU.ActiveCfg = Debug|Any CPU
		{9553ACB5-AD4D-432C-996A-CDF6AA13990B}.Debug|Any CPU.Build.0 = Debug|Any CPU
		{9553ACB5-AD4D-432C-996A-CDF6AA13990B}.Debug|x64.ActiveCfg = Debug|Any CPU
		{9553ACB5-AD4D-432C-996A-CDF6AA13990B}.Debug|x64.Build.0 = Debug|Any CPU
		{9553ACB5-AD4D-432C-996A-CDF6AA13990B}.Debug|x86.ActiveCfg = Debug|Any CPU
		{9553ACB5-AD4D-432C-996A-CDF6AA13990B}.Debug|x86.Build.0 = Debug|Any CPU
		{9553ACB5-AD4D-432C-996A-CDF6AA13990B}.Release|Any CPU.ActiveCfg = Release|Any CPU
		{9553ACB5-AD4D-432C-996A-CDF6AA13990B}.Release|Any CPU.Build.0 = Release|Any CPU
		{9553ACB5-AD4D-432C-996A-CDF6AA13990B}.Release|x64.ActiveCfg = Release|Any CPU
		{9553ACB5-AD4D-432C-996A-CDF6AA13990B}.Release|x64.Build.0 = Release|Any CPU
		{9553ACB5-AD4D-432C-996A-CDF6AA13990B}.Release|x86.ActiveCfg = Release|Any CPU
		{9553ACB5-AD4D-432C-996A-CDF6AA13990B}.Release|x86.Build.0 = Release|Any CPU
		{E98F023B-94F3-4F44-BEE8-F0E5594F1359}.Debug|Any CPU.ActiveCfg = Debug|Any CPU
		{E98F023B-94F3-4F44-BEE8-F0E5594F1359}.Debug|Any CPU.Build.0 = Debug|Any CPU
		{E98F023B-94F3-4F44-BEE8-F0E5594F1359}.Debug|x64.ActiveCfg = Debug|Any CPU
		{E98F023B-94F3-4F44-BEE8-F0E5594F1359}.Debug|x64.Build.0 = Debug|Any CPU
		{E98F023B-94F3-4F44-BEE8-F0E5594F1359}.Debug|x86.ActiveCfg = Debug|Any CPU
		{E98F023B-94F3-4F44-BEE8-F0E5594F1359}.Debug|x86.Build.0 = Debug|Any CPU
		{E98F023B-94F3-4F44-BEE8-F0E5594F1359}.Release|Any CPU.ActiveCfg = Release|Any CPU
		{E98F023B-94F3-4F44-BEE8-F0E5594F1359}.Release|Any CPU.Build.0 = Release|Any CPU
		{E98F023B-94F3-4F44-BEE8-F0E5594F1359}.Release|x64.ActiveCfg = Release|Any CPU
		{E98F023B-94F3-4F44-BEE8-F0E5594F1359}.Release|x64.Build.0 = Release|Any CPU
		{E98F023B-94F3-4F44-BEE8-F0E5594F1359}.Release|x86.ActiveCfg = Release|Any CPU
		{E98F023B-94F3-4F44-BEE8-F0E5594F1359}.Release|x86.Build.0 = Release|Any CPU
	EndGlobalSection
	GlobalSection(SolutionProperties) = preSolution
		HideSolutionNode = FALSE
	EndGlobalSection
EndGlobal
